
Microsoft Visual Studio Solution File, Format Version 12.00
# Visual Studio Version 16
VisualStudioVersion = 16.0.31624.102
MinimumVisualStudioVersion = 10.0.40219.1
Project("{FAE04EC0-301F-11D3-BF4B-00C04F79EFBC}") = "Api", "Api\Api.csproj", "{493ACCB5-05DA-4655-80A0-B0DA57028AC9}"
EndProject
Project("{FAE04EC0-301F-11D3-BF4B-00C04F79EFBC}") = "Infrastructure", "Infrastructure\Infrastructure.csproj", "{552D18FF-30F2-4D9E-8FBA-5FE1FAB72ABF}"
EndProject
Project("{FAE04EC0-301F-11D3-BF4B-00C04F79EFBC}") = "Core", "Core\Core.csproj", "{52AAF003-9D95-46F5-B118-77EE18B43598}"
EndProject
Global
	GlobalSection(SolutionConfigurationPlatforms) = preSolution
		Debug|Any CPU = Debug|Any CPU
		Release|Any CPU = Release|Any CPU
	EndGlobalSection
	GlobalSection(ProjectConfigurationPlatforms) = postSolution
		{493ACCB5-05DA-4655-80A0-B0DA57028AC9}.Debug|Any CPU.ActiveCfg = Debug|Any CPU
		{493ACCB5-05DA-4655-80A0-B0DA57028AC9}.Debug|Any CPU.Build.0 = Debug|Any CPU
		{493ACCB5-05DA-4655-80A0-B0DA57028AC9}.Release|Any CPU.ActiveCfg = Release|Any CPU
		{493ACCB5-05DA-4655-80A0-B0DA57028AC9}.Release|Any CPU.Build.0 = Release|Any CPU
		{552D18FF-30F2-4D9E-8FBA-5FE1FAB72ABF}.Debug|Any CPU.ActiveCfg = Debug|Any CPU
		{552D18FF-30F2-4D9E-8FBA-5FE1FAB72ABF}.Debug|Any CPU.Build.0 = Debug|Any CPU
		{552D18FF-30F2-4D9E-8FBA-5FE1FAB72ABF}.Release|Any CPU.ActiveCfg = Release|Any CPU
		{552D18FF-30F2-4D9E-8FBA-5FE1FAB72ABF}.Release|Any CPU.Build.0 = Release|Any CPU
		{52AAF003-9D95-46F5-B118-77EE18B43598}.Debug|Any CPU.ActiveCfg = Debug|Any CPU
		{52AAF003-9D95-46F5-B118-77EE18B43598}.Debug|Any CPU.Build.0 = Debug|Any CPU
		{52AAF003-9D95-46F5-B118-77EE18B43598}.Release|Any CPU.ActiveCfg = Release|Any CPU
		{52AAF003-9D95-46F5-B118-77EE18B43598}.Release|Any CPU.Build.0 = Release|Any CPU
	EndGlobalSection
	GlobalSection(SolutionProperties) = preSolution
		HideSolutionNode = FALSE
	EndGlobalSection
	GlobalSection(ExtensibilityGlobals) = postSolution
		SolutionGuid = {093B6AE1-63DE-47C3-8A70-E5A345A5E6AE}
	EndGlobalSection
EndGlobal
